
Microsoft Visual Studio Solution File, Format Version 12.00
# Visual Studio Version 17
VisualStudioVersion = 17.14.36518.9 d17.14
MinimumVisualStudioVersion = 10.0.40219.1
Project("{FAE04EC0-301F-11D3-BF4B-00C04F79EFBC}") = "Laba1", "Laba1\Laba1.csproj", "{663C9D14-DBFC-4E77-B7B8-AC321C4D1F4F}"
EndProject
Global
	GlobalSection(SolutionConfigurationPlatforms) = preSolution
		Debug|Any CPU = Debug|Any CPU
		Release|Any CPU = Release|Any CPU
	EndGlobalSection
	GlobalSection(ProjectConfigurationPlatforms) = postSolution
		{663C9D14-DBFC-4E77-B7B8-AC321C4D1F4F}.Debug|Any CPU.ActiveCfg = Debug|Any CPU
		{663C9D14-DBFC-4E77-B7B8-AC321C4D1F4F}.Debug|Any CPU.Build.0 = Debug|Any CPU
		{663C9D14-DBFC-4E77-B7B8-AC321C4D1F4F}.Release|Any CPU.ActiveCfg = Release|Any CPU
		{663C9D14-DBFC-4E77-B7B8-AC321C4D1F4F}.Release|Any CPU.Build.0 = Release|Any CPU
	EndGlobalSection
	GlobalSection(SolutionProperties) = preSolution
		HideSolutionNode = FALSE
	EndGlobalSection
	GlobalSection(ExtensibilityGlobals) = postSolution
		SolutionGuid = {69A9552F-6FC2-415E-9E85-444EF05A1666}
	EndGlobalSection
EndGlobal
